
Microsoft Visual Studio Solution File, Format Version 12.00
# Visual Studio Version 16
VisualStudioVersion = 16.0.32630.194
MinimumVisualStudioVersion = 10.0.40219.1
Project("{FAE04EC0-301F-11D3-BF4B-00C04F79EFBC}") = "Exercise3", "Exercise3\Exercise3.csproj", "{50676BE3-9DD2-4EC3-902F-C5DBFAA13CFA}"
EndProject
Global
	GlobalSection(SolutionConfigurationPlatforms) = preSolution
		Debug|Any CPU = Debug|Any CPU
		Release|Any CPU = Release|Any CPU
	EndGlobalSection
	GlobalSection(ProjectConfigurationPlatforms) = postSolution
		{50676BE3-9DD2-4EC3-902F-C5DBFAA13CFA}.Debug|Any CPU.ActiveCfg = Debug|Any CPU
		{50676BE3-9DD2-4EC3-902F-C5DBFAA13CFA}.Debug|Any CPU.Build.0 = Debug|Any CPU
		{50676BE3-9DD2-4EC3-902F-C5DBFAA13CFA}.Release|Any CPU.ActiveCfg = Release|Any CPU
		{50676BE3-9DD2-4EC3-902F-C5DBFAA13CFA}.Release|Any CPU.Build.0 = Release|Any CPU
	EndGlobalSection
	GlobalSection(SolutionProperties) = preSolution
		HideSolutionNode = FALSE
	EndGlobalSection
	GlobalSection(ExtensibilityGlobals) = postSolution
		SolutionGuid = {1ACC4ED8-4475-4D54-9477-5DA8EC0A5259}
	EndGlobalSection
EndGlobal
